<?xml version="1.0" encoding="utf-8"?>
<Project ToolsVersion="4.0" xmlns="http://schemas.microsoft.com/developer/msbuild/2003">
  <ItemGroup>
    <Filter Include="소스 파일">
      <UniqueIdentifier>{4FC737F1-C7A5-4376-A066-2A32D752A2FF}</UniqueIdentifier>
      <Extensions>cpp;c;cc;cxx;c++;cppm;ixx;def;odl;idl;hpj;bat;asm;asmx</Extensions>
    </Filter>
    <Filter Include="헤더 파일">
      <UniqueIdentifier>{93995380-89BD-4b04-88EB-625FBE52EBFB}</UniqueIdentifier>
      <Extensions>h;hh;hpp;hxx;h++;hm;inl;inc;ipp;xsd</Extensions>
    </Filter>
    <Filter Include="리소스 파일">
      <UniqueIdentifier>{67DA6AB6-F800-4c08-8B7A-83BB121AAD01}</UniqueIdentifier>
      <Extensions>rc;ico;cur;bmp;dlg;rc2;rct;bin;rgs;gif;jpg;jpeg;jpe;resx;tiff;tif;png;wav;mfcribbon-ms</Extensions>
    </Filter>
  </ItemGroup>
  <ItemGroup>
    <ClCompile Include="42576_pr.cpp">
      <Filter>소스 파일</Filter>
    </ClCompile>
    <ClCompile Include="67256_pr.cpp">
      <Filter>소스 파일</Filter>
    </ClCompile>
    <ClCompile Include="77484_pr.cpp">
      <Filter>소스 파일</Filter>
    </ClCompile>
    <ClCompile Include="1845_pr.cpp">
      <Filter>소스 파일</Filter>
    </ClCompile>
    <ClCompile Include="72410_pr.cpp">
      <Filter>소스 파일</Filter>
    </ClCompile>
    <ClCompile Include="42840_pr.cpp">
      <Filter>소스 파일</Filter>
    </ClCompile>
    <ClCompile Include="42748_pr.cpp">
      <Filter>소스 파일</Filter>
    </ClCompile>
    <ClCompile Include="12977_pr.cpp">
      <Filter>소스 파일</Filter>
    </ClCompile>
    <ClCompile Include="70128_pr.cpp">
      <Filter>소스 파일</Filter>
    </ClCompile>
    <ClCompile Include="76501_pr.cpp">
      <Filter>소스 파일</Filter>
    </ClCompile>
    <ClCompile Include="42889_pr.cpp">
      <Filter>소스 파일</Filter>
    </ClCompile>
    <ClCompile Include="42891_pr.cpp">
      <Filter>소스 파일</Filter>
    </ClCompile>
    <ClCompile Include="12982_pr.cpp">
      <Filter>소스 파일</Filter>
    </ClCompile>
    <ClCompile Include="68644_pr.cpp">
      <Filter>소스 파일</Filter>
    </ClCompile>
    <ClCompile Include="17681_pr.cpp">
      <Filter>소스 파일</Filter>
    </ClCompile>
    <ClCompile Include="12903_pr.cpp">
      <Filter>소스 파일</Filter>
    </ClCompile>
    <ClCompile Include="17682_pr.cpp">
      <Filter>소스 파일</Filter>
    </ClCompile>
    <ClCompile Include="12906_pr.cpp">
      <Filter>소스 파일</Filter>
    </ClCompile>
    <ClCompile Include="12910_pr.cpp">
      <Filter>소스 파일</Filter>
    </ClCompile>
    <ClCompile Include="12912_pr.cpp">
      <Filter>소스 파일</Filter>
    </ClCompile>
    <ClCompile Include="12916_pr.cpp">
      <Filter>소스 파일</Filter>
    </ClCompile>
    <ClCompile Include="12931_pr.cpp">
      <Filter>소스 파일</Filter>
    </ClCompile>
    <ClCompile Include="1835_pr.cpp">
      <Filter>소스 파일</Filter>
    </ClCompile>
    <ClCompile Include="42626_pr.cpp">
      <Filter>소스 파일</Filter>
    </ClCompile>
    <ClCompile Include="12973_pr.cpp">
      <Filter>소스 파일</Filter>
    </ClCompile>
    <ClCompile Include="12899_pr.cpp">
      <Filter>소스 파일</Filter>
    </ClCompile>
    <ClCompile Include="17677_pr.cpp">
      <Filter>소스 파일</Filter>
    </ClCompile>
    <ClCompile Include="12909_pr.cpp">
      <Filter>소스 파일</Filter>
    </ClCompile>
    <ClCompile Include="67257_pr.cpp">
      <Filter>소스 파일</Filter>
    </ClCompile>
    <ClCompile Include="67258_pr.cpp">
      <Filter>소스 파일</Filter>
    </ClCompile>
    <ClCompile Include="67259_pr.cpp">
      <Filter>소스 파일</Filter>
    </ClCompile>
    <ClCompile Include="64061_pr.cpp">
      <Filter>소스 파일</Filter>
    </ClCompile>
    <ClCompile Include="64065_pr.cpp">
      <Filter>소스 파일</Filter>
    </ClCompile>
    <ClCompile Include="64064_pr.cpp">
      <Filter>소스 파일</Filter>
    </ClCompile>
    <ClCompile Include="17676_pr.cpp">
      <Filter>소스 파일</Filter>
    </ClCompile>
    <ClCompile Include="43105_pr.cpp">
      <Filter>소스 파일</Filter>
    </ClCompile>
    <ClCompile Include="42898_pr.cpp">
      <Filter>소스 파일</Filter>
    </ClCompile>
    <ClCompile Include="81301_pr.cpp">
      <Filter>소스 파일</Filter>
    </ClCompile>
    <ClCompile Include="81302_pr.cpp">
      <Filter>소스 파일</Filter>
    </ClCompile>
    <ClCompile Include="81303_pr.cpp">
      <Filter>소스 파일</Filter>
    </ClCompile>
    <ClCompile Include="1829_pr.cpp">
      <Filter>소스 파일</Filter>
    </ClCompile>
    <ClCompile Include="62048_pr.cpp">
      <Filter>소스 파일</Filter>
    </ClCompile>
    <ClCompile Include="42890_pr.cpp">
      <Filter>소스 파일</Filter>
    </ClCompile>
    <ClCompile Include="KP_1번.cpp">
      <Filter>소스 파일</Filter>
    </ClCompile>
    <ClCompile Include="KP_3번.cpp">
      <Filter>소스 파일</Filter>
    </ClCompile>
    <ClCompile Include="42577_pr.cpp">
      <Filter>소스 파일</Filter>
    </ClCompile>
    <ClCompile Include="42885_pr.cpp">
      <Filter>소스 파일</Filter>
    </ClCompile>
  </ItemGroup>
</Project>